
Microsoft Visual Studio Solution File, Format Version 12.00
# Visual Studio Version 16
VisualStudioVersion = 16.0.29613.14
MinimumVisualStudioVersion = 10.0.40219.1
Project("{FAE04EC0-301F-11D3-BF4B-00C04F79EFBC}") = "CES2020", "CES2020\CES2020.csproj", "{87C1300E-C1BF-446C-9F26-D598D34809AA}"
EndProject
Global
	GlobalSection(SolutionConfigurationPlatforms) = preSolution
		Debug|Any CPU = Debug|Any CPU
		Release|Any CPU = Release|Any CPU
	EndGlobalSection
	GlobalSection(ProjectConfigurationPlatforms) = postSolution
		{87C1300E-C1BF-446C-9F26-D598D34809AA}.Debug|Any CPU.ActiveCfg = Debug|Any CPU
		{87C1300E-C1BF-446C-9F26-D598D34809AA}.Debug|Any CPU.Build.0 = Debug|Any CPU
		{87C1300E-C1BF-446C-9F26-D598D34809AA}.Release|Any CPU.ActiveCfg = Release|Any CPU
		{87C1300E-C1BF-446C-9F26-D598D34809AA}.Release|Any CPU.Build.0 = Release|Any CPU
	EndGlobalSection
	GlobalSection(SolutionProperties) = preSolution
		HideSolutionNode = FALSE
	EndGlobalSection
	GlobalSection(ExtensibilityGlobals) = postSolution
		SolutionGuid = {6ACF1F98-F9E2-4450-BEED-A406C3FDA49C}
	EndGlobalSection
EndGlobal
